
Microsoft Visual Studio Solution File, Format Version 12.00
# Visual Studio Version 17
VisualStudioVersion = 17.1.32421.90
MinimumVisualStudioVersion = 10.0.40219.1
Project("{FAE04EC0-301F-11D3-BF4B-00C04F79EFBC}") = "Booking.Web", "Booking.Web\Booking.Web.csproj", "{D6A117FA-FBC7-477F-A233-8C7838B208C0}"
EndProject
Project("{FAE04EC0-301F-11D3-BF4B-00C04F79EFBC}") = "Booking.Core", "Booking.Core\Booking.Core.csproj", "{05202EAE-08A3-4A99-BE64-43BCC12C352C}"
EndProject
Project("{FAE04EC0-301F-11D3-BF4B-00C04F79EFBC}") = "Booking.Data", "Booking.Data\Booking.Data.csproj", "{33328B76-F3C6-4B14-80F3-35E373ED0AC1}"
EndProject
Global
	GlobalSection(SolutionConfigurationPlatforms) = preSolution
		Debug|Any CPU = Debug|Any CPU
		Release|Any CPU = Release|Any CPU
	EndGlobalSection
	GlobalSection(ProjectConfigurationPlatforms) = postSolution
		{D6A117FA-FBC7-477F-A233-8C7838B208C0}.Debug|Any CPU.ActiveCfg = Debug|Any CPU
		{D6A117FA-FBC7-477F-A233-8C7838B208C0}.Debug|Any CPU.Build.0 = Debug|Any CPU
		{D6A117FA-FBC7-477F-A233-8C7838B208C0}.Release|Any CPU.ActiveCfg = Release|Any CPU
		{D6A117FA-FBC7-477F-A233-8C7838B208C0}.Release|Any CPU.Build.0 = Release|Any CPU
		{05202EAE-08A3-4A99-BE64-43BCC12C352C}.Debug|Any CPU.ActiveCfg = Debug|Any CPU
		{05202EAE-08A3-4A99-BE64-43BCC12C352C}.Debug|Any CPU.Build.0 = Debug|Any CPU
		{05202EAE-08A3-4A99-BE64-43BCC12C352C}.Release|Any CPU.ActiveCfg = Release|Any CPU
		{05202EAE-08A3-4A99-BE64-43BCC12C352C}.Release|Any CPU.Build.0 = Release|Any CPU
		{33328B76-F3C6-4B14-80F3-35E373ED0AC1}.Debug|Any CPU.ActiveCfg = Debug|Any CPU
		{33328B76-F3C6-4B14-80F3-35E373ED0AC1}.Debug|Any CPU.Build.0 = Debug|Any CPU
		{33328B76-F3C6-4B14-80F3-35E373ED0AC1}.Release|Any CPU.ActiveCfg = Release|Any CPU
		{33328B76-F3C6-4B14-80F3-35E373ED0AC1}.Release|Any CPU.Build.0 = Release|Any CPU
	EndGlobalSection
	GlobalSection(SolutionProperties) = preSolution
		HideSolutionNode = FALSE
	EndGlobalSection
	GlobalSection(ExtensibilityGlobals) = postSolution
		SolutionGuid = {ECB862A0-C67D-457C-A641-3EE9D9766555}
	EndGlobalSection
EndGlobal
